
Microsoft Visual Studio Solution File, Format Version 12.00
# Visual Studio Version 16
VisualStudioVersion = 16.0.30709.132
MinimumVisualStudioVersion = 10.0.40219.1
Project("{9A19103F-16F7-4668-BE54-9A1E7A4F7556}") = "LodestoneDataExporter", "LodestoneDataExporter\LodestoneDataExporter.csproj", "{C46E0E76-F56E-4F5D-8A8F-3ACC7DDD525C}"
EndProject
Project("{2150E333-8FDC-42A3-9474-1A3956D46DE8}") = "Schema", "Schema", "{59237D7B-95B4-463E-B621-8B33475C5B1F}"
	ProjectSection(SolutionItems) = preProject
		schema\AchievementTable.fbs = schema\AchievementTable.fbs
		schema\DeityTable.fbs = schema\DeityTable.fbs
		schema\GrandCompanyTable.fbs = schema\GrandCompanyTable.fbs
		schema\ItemTable.fbs = schema\ItemTable.fbs
		schema\MinionTable.fbs = schema\MinionTable.fbs
		schema\MountTable.fbs = schema\MountTable.fbs
		schema\RaceTable.fbs = schema\RaceTable.fbs
		schema\ReputationTable.fbs = schema\ReputationTable.fbs
		schema\TitleTable.fbs = schema\TitleTable.fbs
		schema\TownTable.fbs = schema\TownTable.fbs
		schema\TribeTable.fbs = schema\TribeTable.fbs
	EndProjectSection
EndProject
Project("{2150E333-8FDC-42A3-9474-1A3956D46DE8}") = "GitHub", "GitHub", "{13C20868-3AFF-4DEA-8F7D-C12597CDD985}"
	ProjectSection(SolutionItems) = preProject
		.gitignore = .gitignore
		LICENSE = LICENSE
		meta.json = meta.json
		README.md = README.md
	EndProjectSection
EndProject
Global
	GlobalSection(SolutionConfigurationPlatforms) = preSolution
		Debug|Any CPU = Debug|Any CPU
		Release|Any CPU = Release|Any CPU
	EndGlobalSection
	GlobalSection(ProjectConfigurationPlatforms) = postSolution
		{C46E0E76-F56E-4F5D-8A8F-3ACC7DDD525C}.Debug|Any CPU.ActiveCfg = Debug|Any CPU
		{C46E0E76-F56E-4F5D-8A8F-3ACC7DDD525C}.Debug|Any CPU.Build.0 = Debug|Any CPU
		{C46E0E76-F56E-4F5D-8A8F-3ACC7DDD525C}.Release|Any CPU.ActiveCfg = Release|Any CPU
		{C46E0E76-F56E-4F5D-8A8F-3ACC7DDD525C}.Release|Any CPU.Build.0 = Release|Any CPU
	EndGlobalSection
	GlobalSection(SolutionProperties) = preSolution
		HideSolutionNode = FALSE
	EndGlobalSection
	GlobalSection(ExtensibilityGlobals) = postSolution
		SolutionGuid = {D63A78D2-A65D-43FC-A46C-A1B7F750F2FB}
	EndGlobalSection
EndGlobal
